
Microsoft Visual Studio Solution File, Format Version 12.00
# Visual Studio Version 17
VisualStudioVersion = 17.5.33530.505
MinimumVisualStudioVersion = 10.0.40219.1
Project("{FAE04EC0-301F-11D3-BF4B-00C04F79EFBC}") = "HorseEquipment", "HorseEquipment.csproj", "{AB09FCCD-D2FD-428A-AB12-947AA6703F19}"
EndProject
Global
	GlobalSection(SolutionConfigurationPlatforms) = preSolution
		Debug|Any CPU = Debug|Any CPU
		Release|Any CPU = Release|Any CPU
	EndGlobalSection
	GlobalSection(ProjectConfigurationPlatforms) = postSolution
		{AB09FCCD-D2FD-428A-AB12-947AA6703F19}.Debug|Any CPU.ActiveCfg = Debug|Any CPU
		{AB09FCCD-D2FD-428A-AB12-947AA6703F19}.Debug|Any CPU.Build.0 = Debug|Any CPU
		{AB09FCCD-D2FD-428A-AB12-947AA6703F19}.Release|Any CPU.ActiveCfg = Release|Any CPU
		{AB09FCCD-D2FD-428A-AB12-947AA6703F19}.Release|Any CPU.Build.0 = Release|Any CPU
	EndGlobalSection
	GlobalSection(SolutionProperties) = preSolution
		HideSolutionNode = FALSE
	EndGlobalSection
	GlobalSection(ExtensibilityGlobals) = postSolution
		SolutionGuid = {C26FA7CC-CDD1-4C03-B0CF-3AEC6F918FB3}
	EndGlobalSection
EndGlobal
